
Microsoft Visual Studio Solution File, Format Version 12.00
# Visual Studio Version 16
VisualStudioVersion = 16.0.33328.57
MinimumVisualStudioVersion = 10.0.40219.1
Project("{FAE04EC0-301F-11D3-BF4B-00C04F79EFBC}") = "Type_conversions", "Type_conversions\Type_conversions.csproj", "{8871C18F-E9DB-490A-A93D-33757D4235DE}"
EndProject
Global
	GlobalSection(SolutionConfigurationPlatforms) = preSolution
		Debug|Any CPU = Debug|Any CPU
		Release|Any CPU = Release|Any CPU
	EndGlobalSection
	GlobalSection(ProjectConfigurationPlatforms) = postSolution
		{8871C18F-E9DB-490A-A93D-33757D4235DE}.Debug|Any CPU.ActiveCfg = Debug|Any CPU
		{8871C18F-E9DB-490A-A93D-33757D4235DE}.Debug|Any CPU.Build.0 = Debug|Any CPU
		{8871C18F-E9DB-490A-A93D-33757D4235DE}.Release|Any CPU.ActiveCfg = Release|Any CPU
		{8871C18F-E9DB-490A-A93D-33757D4235DE}.Release|Any CPU.Build.0 = Release|Any CPU
	EndGlobalSection
	GlobalSection(SolutionProperties) = preSolution
		HideSolutionNode = FALSE
	EndGlobalSection
	GlobalSection(ExtensibilityGlobals) = postSolution
		SolutionGuid = {CF0908B7-F2EA-4192-8BCE-C1F89F693C16}
	EndGlobalSection
EndGlobal
