
Microsoft Visual Studio Solution File, Format Version 12.00
# Visual Studio Version 16
VisualStudioVersion = 16.0.33328.57
MinimumVisualStudioVersion = 10.0.40219.1
Project("{FAE04EC0-301F-11D3-BF4B-00C04F79EFBC}") = "Nullable_types", "Nullable_types\Nullable_types.csproj", "{A259B570-C216-40F4-89C9-5209E346BAD2}"
EndProject
Global
	GlobalSection(SolutionConfigurationPlatforms) = preSolution
		Debug|Any CPU = Debug|Any CPU
		Release|Any CPU = Release|Any CPU
	EndGlobalSection
	GlobalSection(ProjectConfigurationPlatforms) = postSolution
		{A259B570-C216-40F4-89C9-5209E346BAD2}.Debug|Any CPU.ActiveCfg = Debug|Any CPU
		{A259B570-C216-40F4-89C9-5209E346BAD2}.Debug|Any CPU.Build.0 = Debug|Any CPU
		{A259B570-C216-40F4-89C9-5209E346BAD2}.Release|Any CPU.ActiveCfg = Release|Any CPU
		{A259B570-C216-40F4-89C9-5209E346BAD2}.Release|Any CPU.Build.0 = Release|Any CPU
	EndGlobalSection
	GlobalSection(SolutionProperties) = preSolution
		HideSolutionNode = FALSE
	EndGlobalSection
	GlobalSection(ExtensibilityGlobals) = postSolution
		SolutionGuid = {72DE9476-36E8-409B-A217-D044BCB1119C}
	EndGlobalSection
EndGlobal
