
Microsoft Visual Studio Solution File, Format Version 12.00
# Visual Studio Version 16
VisualStudioVersion = 16.0.33328.57
MinimumVisualStudioVersion = 10.0.40219.1
Project("{FAE04EC0-301F-11D3-BF4B-00C04F79EFBC}") = "Polymorphism", "Polymorphism\Polymorphism.csproj", "{A244AE33-17DD-4B46-B820-7D85312409F7}"
EndProject
Global
	GlobalSection(SolutionConfigurationPlatforms) = preSolution
		Debug|Any CPU = Debug|Any CPU
		Release|Any CPU = Release|Any CPU
	EndGlobalSection
	GlobalSection(ProjectConfigurationPlatforms) = postSolution
		{A244AE33-17DD-4B46-B820-7D85312409F7}.Debug|Any CPU.ActiveCfg = Debug|Any CPU
		{A244AE33-17DD-4B46-B820-7D85312409F7}.Debug|Any CPU.Build.0 = Debug|Any CPU
		{A244AE33-17DD-4B46-B820-7D85312409F7}.Release|Any CPU.ActiveCfg = Release|Any CPU
		{A244AE33-17DD-4B46-B820-7D85312409F7}.Release|Any CPU.Build.0 = Release|Any CPU
	EndGlobalSection
	GlobalSection(SolutionProperties) = preSolution
		HideSolutionNode = FALSE
	EndGlobalSection
	GlobalSection(ExtensibilityGlobals) = postSolution
		SolutionGuid = {97E9CEA5-9C0A-4694-AEE4-AA0B56172CD0}
	EndGlobalSection
EndGlobal
